
Microsoft Visual Studio Solution File, Format Version 11.00
# Visual Studio 2010
Project("{FAE04EC0-301F-11D3-BF4B-00C04F79EFBC}") = "UnityEngine.UI", "UnityEngine.UI.csproj", "{a285af93-790b-0471-ad77-5f7ed4b2df8d}"
EndProject
Project("{FAE04EC0-301F-11D3-BF4B-00C04F79EFBC}") = "UnityEngine.TestRunner", "UnityEngine.TestRunner.csproj", "{f1c2784b-1b3d-ad40-27af-b64dfe2b9830}"
EndProject
Project("{FAE04EC0-301F-11D3-BF4B-00C04F79EFBC}") = "Unity.Mathematics", "Unity.Mathematics.csproj", "{c9622ff0-8c8a-d482-9a95-8391d6f56c48}"
EndProject
Project("{FAE04EC0-301F-11D3-BF4B-00C04F79EFBC}") = "Unity.2D.Animation.Triangle.Runtime", "Unity.2D.Animation.Triangle.Runtime.csproj", "{8552469a-d49b-af26-3458-1c0bc7974879}"
EndProject
Project("{FAE04EC0-301F-11D3-BF4B-00C04F79EFBC}") = "Unity.Timeline", "Unity.Timeline.csproj", "{0e153267-890e-fe80-34b5-302eddf23529}"
EndProject
Project("{FAE04EC0-301F-11D3-BF4B-00C04F79EFBC}") = "Unity.TextMeshPro", "Unity.TextMeshPro.csproj", "{630b5978-1ca1-c274-562f-ad79227e360b}"
EndProject
Project("{FAE04EC0-301F-11D3-BF4B-00C04F79EFBC}") = "Unity.2D.Animation.Runtime", "Unity.2D.Animation.Runtime.csproj", "{9324ce44-cce1-3cb5-cca2-692c4d429059}"
EndProject
Project("{FAE04EC0-301F-11D3-BF4B-00C04F79EFBC}") = "Unity.2D.IK.Runtime", "Unity.2D.IK.Runtime.csproj", "{30e9317e-9e8b-5490-5f48-8280dcb5105d}"
EndProject
Project("{FAE04EC0-301F-11D3-BF4B-00C04F79EFBC}") = "Assembly-CSharp", "Assembly-CSharp.csproj", "{2afdf78e-24ea-ba02-e337-8605df5645b6}"
EndProject
Project("{FAE04EC0-301F-11D3-BF4B-00C04F79EFBC}") = "Unity.2D.SpriteShape.Runtime", "Unity.2D.SpriteShape.Runtime.csproj", "{2beabf80-2d49-6df3-64ee-585024586840}"
EndProject
Project("{FAE04EC0-301F-11D3-BF4B-00C04F79EFBC}") = "Unity.2D.PixelPerfect", "Unity.2D.PixelPerfect.csproj", "{94d73d40-488d-7869-50c8-127a707bd29c}"
EndProject
Project("{FAE04EC0-301F-11D3-BF4B-00C04F79EFBC}") = "Unity.2D.Common.Runtime", "Unity.2D.Common.Runtime.csproj", "{0a83b565-cbbd-cd1e-9acc-f20ad8363abd}"
EndProject
Project("{FAE04EC0-301F-11D3-BF4B-00C04F79EFBC}") = "Unity.InternalAPIEngineBridge.001", "Unity.InternalAPIEngineBridge.001.csproj", "{ddc39b6d-d45a-1c3e-2e18-2938f1c4a12d}"
EndProject
Project("{FAE04EC0-301F-11D3-BF4B-00C04F79EFBC}") = "UnityEditor.TestRunner", "UnityEditor.TestRunner.csproj", "{c8813434-30ad-528a-9d76-846763f48a82}"
EndProject
Project("{FAE04EC0-301F-11D3-BF4B-00C04F79EFBC}") = "Unity.PlasticSCM.Editor", "Unity.PlasticSCM.Editor.csproj", "{f141a8a9-eeaf-8801-2668-56417aecd728}"
EndProject
Project("{FAE04EC0-301F-11D3-BF4B-00C04F79EFBC}") = "UnityEditor.UI", "UnityEditor.UI.csproj", "{42c1b81f-6769-6eba-5c42-e17391806379}"
EndProject
Project("{FAE04EC0-301F-11D3-BF4B-00C04F79EFBC}") = "Unity.Timeline.Editor", "Unity.Timeline.Editor.csproj", "{3a42409b-e6f8-c58f-4b0d-c0ff93c86f3d}"
EndProject
Project("{FAE04EC0-301F-11D3-BF4B-00C04F79EFBC}") = "Unity.VisualStudio.Editor", "Unity.VisualStudio.Editor.csproj", "{00c80efa-b54e-43c5-d675-bed10a6dbe51}"
EndProject
Project("{FAE04EC0-301F-11D3-BF4B-00C04F79EFBC}") = "Unity.2D.Psdimporter.Editor", "Unity.2D.Psdimporter.Editor.csproj", "{b71f198a-c979-f6bd-621a-411ed910ea7b}"
EndProject
Project("{FAE04EC0-301F-11D3-BF4B-00C04F79EFBC}") = "Unity.2D.Animation.Editor", "Unity.2D.Animation.Editor.csproj", "{0ba58f86-7d2c-3a6c-3dc5-ae40c9fd24ec}"
EndProject
Project("{FAE04EC0-301F-11D3-BF4B-00C04F79EFBC}") = "Unity.TextMeshPro.Editor", "Unity.TextMeshPro.Editor.csproj", "{e7def328-53a8-6699-3283-210e9d766ac7}"
EndProject
Project("{FAE04EC0-301F-11D3-BF4B-00C04F79EFBC}") = "Unity.2D.SpriteShape.Editor", "Unity.2D.SpriteShape.Editor.csproj", "{7476356a-492c-0359-0934-041248882dfc}"
EndProject
Project("{FAE04EC0-301F-11D3-BF4B-00C04F79EFBC}") = "Unity.CollabProxy.Editor", "Unity.CollabProxy.Editor.csproj", "{e010554e-2929-c1a4-4420-2efd49df9b16}"
EndProject
Project("{FAE04EC0-301F-11D3-BF4B-00C04F79EFBC}") = "PsdPlugin", "PsdPlugin.csproj", "{66dfea7f-e136-4cc3-4275-08b01364acfc}"
EndProject
Project("{FAE04EC0-301F-11D3-BF4B-00C04F79EFBC}") = "Unity.2D.Path.Editor", "Unity.2D.Path.Editor.csproj", "{467077d3-8938-a92e-081b-3e2c9ff8b6d3}"
EndProject
Project("{FAE04EC0-301F-11D3-BF4B-00C04F79EFBC}") = "Unity.Rider.Editor", "Unity.Rider.Editor.csproj", "{62001165-e10b-4313-b106-113c3202ae6d}"
EndProject
Project("{FAE04EC0-301F-11D3-BF4B-00C04F79EFBC}") = "Unity.2D.IK.Editor", "Unity.2D.IK.Editor.csproj", "{2c9c3467-5f73-da65-8e17-3b45431b5090}"
EndProject
Project("{FAE04EC0-301F-11D3-BF4B-00C04F79EFBC}") = "Unity.SysrootPackage.Editor", "Unity.SysrootPackage.Editor.csproj", "{77fd03a9-e0a2-74d3-aef3-4a5da9d74362}"
EndProject
Project("{FAE04EC0-301F-11D3-BF4B-00C04F79EFBC}") = "Unity.2D.Sprite.Editor", "Unity.2D.Sprite.Editor.csproj", "{835f914d-aaaf-7ad5-2711-f2d6cd2a6469}"
EndProject
Project("{FAE04EC0-301F-11D3-BF4B-00C04F79EFBC}") = "Unity.2D.Tilemap.Editor", "Unity.2D.Tilemap.Editor.csproj", "{18c9cb8c-554b-4248-51a5-9be071b218b1}"
EndProject
Project("{FAE04EC0-301F-11D3-BF4B-00C04F79EFBC}") = "Unity.2D.PixelPerfect.Editor", "Unity.2D.PixelPerfect.Editor.csproj", "{565d9fdb-7594-09f5-77d1-008db7e1695d}"
EndProject
Project("{FAE04EC0-301F-11D3-BF4B-00C04F79EFBC}") = "Unity.VSCode.Editor", "Unity.VSCode.Editor.csproj", "{262839f0-95f0-2d6b-ed5c-e1938b03eb6b}"
EndProject
Project("{FAE04EC0-301F-11D3-BF4B-00C04F79EFBC}") = "Unity.2D.Common.Editor", "Unity.2D.Common.Editor.csproj", "{f3f8632a-c1dc-582c-e7d3-893266d98f6f}"
EndProject
Project("{FAE04EC0-301F-11D3-BF4B-00C04F79EFBC}") = "Unity.Mathematics.Editor", "Unity.Mathematics.Editor.csproj", "{fed495b5-6a66-4f6b-9b95-6f771b7f8638}"
EndProject
Project("{FAE04EC0-301F-11D3-BF4B-00C04F79EFBC}") = "Unity.InternalAPIEditorBridge.001", "Unity.InternalAPIEditorBridge.001.csproj", "{5b93c19d-76a3-f3f2-0a39-1b990b44b400}"
EndProject
Project("{FAE04EC0-301F-11D3-BF4B-00C04F79EFBC}") = "Unity.Sysroot.Linux_x86_64", "Unity.Sysroot.Linux_x86_64.csproj", "{fa852026-e9ea-f217-2151-61e5e2c37c66}"
EndProject
Project("{FAE04EC0-301F-11D3-BF4B-00C04F79EFBC}") = "Unity.Toolchain.Linux-x86_64", "Unity.Toolchain.Linux-x86_64.csproj", "{a44fe89f-8a9f-135c-3d40-5ccf5e2018b3}"
EndProject
Project("{FAE04EC0-301F-11D3-BF4B-00C04F79EFBC}") = "UnityEngine.UI", "UnityEngine.UI.Player.csproj", "{fc5f0942-c919-8fae-5c5f-037183609d80}"
EndProject
Project("{FAE04EC0-301F-11D3-BF4B-00C04F79EFBC}") = "UnityEngine.TestRunner", "UnityEngine.TestRunner.Player.csproj", "{c5e1825e-e00f-1367-57c7-b939ecf127ed}"
EndProject
Project("{FAE04EC0-301F-11D3-BF4B-00C04F79EFBC}") = "Unity.Mathematics", "Unity.Mathematics.Player.csproj", "{f34289d5-0713-7c10-2ac9-4d95fa7804e9}"
EndProject
Project("{FAE04EC0-301F-11D3-BF4B-00C04F79EFBC}") = "Unity.2D.Animation.Triangle.Runtime", "Unity.2D.Animation.Triangle.Runtime.Player.csproj", "{41df9ab1-1563-67ce-7ef9-98e9be19842c}"
EndProject
Project("{FAE04EC0-301F-11D3-BF4B-00C04F79EFBC}") = "Unity.Timeline", "Unity.Timeline.Player.csproj", "{ace2ab9c-f766-6f50-1c2a-df459e84ee83}"
EndProject
Project("{FAE04EC0-301F-11D3-BF4B-00C04F79EFBC}") = "Unity.TextMeshPro", "Unity.TextMeshPro.Player.csproj", "{24a25463-7f5e-aad6-47d1-9e15483056e1}"
EndProject
Project("{FAE04EC0-301F-11D3-BF4B-00C04F79EFBC}") = "Unity.2D.Animation.Runtime", "Unity.2D.Animation.Runtime.Player.csproj", "{e7a4880b-5011-73b5-650a-1885fbdbc11f}"
EndProject
Project("{FAE04EC0-301F-11D3-BF4B-00C04F79EFBC}") = "Unity.2D.IK.Runtime", "Unity.2D.IK.Runtime.Player.csproj", "{dd523c9a-347c-e1a7-c3f8-ac01c7e6a548}"
EndProject
Project("{FAE04EC0-301F-11D3-BF4B-00C04F79EFBC}") = "Assembly-CSharp", "Assembly-CSharp.Player.csproj", "{9697ba2a-3a44-827f-6334-b3f3664ebd2a}"
EndProject
Project("{FAE04EC0-301F-11D3-BF4B-00C04F79EFBC}") = "Unity.2D.SpriteShape.Runtime", "Unity.2D.SpriteShape.Runtime.Player.csproj", "{756dd7d7-f291-10fd-b6d1-3b4af23a3314}"
EndProject
Project("{FAE04EC0-301F-11D3-BF4B-00C04F79EFBC}") = "Unity.2D.PixelPerfect", "Unity.2D.PixelPerfect.Player.csproj", "{c3751015-36e9-9dde-32bc-3cb583e5deab}"
EndProject
Project("{FAE04EC0-301F-11D3-BF4B-00C04F79EFBC}") = "Unity.2D.Common.Runtime", "Unity.2D.Common.Runtime.Player.csproj", "{10196928-86b8-d3e3-3e6a-c5dc34c0672c}"
EndProject
Project("{FAE04EC0-301F-11D3-BF4B-00C04F79EFBC}") = "Unity.InternalAPIEngineBridge.001", "Unity.InternalAPIEngineBridge.001.Player.csproj", "{8d8ae4a5-4b8b-a390-fdf0-61e7b306364f}"
EndProject
Global
	GlobalSection(SolutionConfigurationPlatforms) = preSolution
		Debug|Any CPU = Debug|Any CPU
		Release|Any CPU = Release|Any CPU
	EndGlobalSection
	GlobalSection(ProjectConfigurationPlatforms) = postSolution
		{a285af93-790b-0471-ad77-5f7ed4b2df8d}.Debug|Any CPU.ActiveCfg = Debug|Any CPU
		{a285af93-790b-0471-ad77-5f7ed4b2df8d}.Debug|Any CPU.Build.0 = Debug|Any CPU
		{a285af93-790b-0471-ad77-5f7ed4b2df8d}.Release|Any CPU.ActiveCfg = Release|Any CPU
		{a285af93-790b-0471-ad77-5f7ed4b2df8d}.Release|Any CPU.Build.0 = Release|Any CPU
		{f1c2784b-1b3d-ad40-27af-b64dfe2b9830}.Debug|Any CPU.ActiveCfg = Debug|Any CPU
		{f1c2784b-1b3d-ad40-27af-b64dfe2b9830}.Debug|Any CPU.Build.0 = Debug|Any CPU
		{f1c2784b-1b3d-ad40-27af-b64dfe2b9830}.Release|Any CPU.ActiveCfg = Release|Any CPU
		{f1c2784b-1b3d-ad40-27af-b64dfe2b9830}.Release|Any CPU.Build.0 = Release|Any CPU
		{c9622ff0-8c8a-d482-9a95-8391d6f56c48}.Debug|Any CPU.ActiveCfg = Debug|Any CPU
		{c9622ff0-8c8a-d482-9a95-8391d6f56c48}.Debug|Any CPU.Build.0 = Debug|Any CPU
		{c9622ff0-8c8a-d482-9a95-8391d6f56c48}.Release|Any CPU.ActiveCfg = Release|Any CPU
		{c9622ff0-8c8a-d482-9a95-8391d6f56c48}.Release|Any CPU.Build.0 = Release|Any CPU
		{8552469a-d49b-af26-3458-1c0bc7974879}.Debug|Any CPU.ActiveCfg = Debug|Any CPU
		{8552469a-d49b-af26-3458-1c0bc7974879}.Debug|Any CPU.Build.0 = Debug|Any CPU
		{8552469a-d49b-af26-3458-1c0bc7974879}.Release|Any CPU.ActiveCfg = Release|Any CPU
		{8552469a-d49b-af26-3458-1c0bc7974879}.Release|Any CPU.Build.0 = Release|Any CPU
		{0e153267-890e-fe80-34b5-302eddf23529}.Debug|Any CPU.ActiveCfg = Debug|Any CPU
		{0e153267-890e-fe80-34b5-302eddf23529}.Debug|Any CPU.Build.0 = Debug|Any CPU
		{0e153267-890e-fe80-34b5-302eddf23529}.Release|Any CPU.ActiveCfg = Release|Any CPU
		{0e153267-890e-fe80-34b5-302eddf23529}.Release|Any CPU.Build.0 = Release|Any CPU
		{630b5978-1ca1-c274-562f-ad79227e360b}.Debug|Any CPU.ActiveCfg = Debug|Any CPU
		{630b5978-1ca1-c274-562f-ad79227e360b}.Debug|Any CPU.Build.0 = Debug|Any CPU
		{630b5978-1ca1-c274-562f-ad79227e360b}.Release|Any CPU.ActiveCfg = Release|Any CPU
		{630b5978-1ca1-c274-562f-ad79227e360b}.Release|Any CPU.Build.0 = Release|Any CPU
		{9324ce44-cce1-3cb5-cca2-692c4d429059}.Debug|Any CPU.ActiveCfg = Debug|Any CPU
		{9324ce44-cce1-3cb5-cca2-692c4d429059}.Debug|Any CPU.Build.0 = Debug|Any CPU
		{9324ce44-cce1-3cb5-cca2-692c4d429059}.Release|Any CPU.ActiveCfg = Release|Any CPU
		{9324ce44-cce1-3cb5-cca2-692c4d429059}.Release|Any CPU.Build.0 = Release|Any CPU
		{30e9317e-9e8b-5490-5f48-8280dcb5105d}.Debug|Any CPU.ActiveCfg = Debug|Any CPU
		{30e9317e-9e8b-5490-5f48-8280dcb5105d}.Debug|Any CPU.Build.0 = Debug|Any CPU
		{30e9317e-9e8b-5490-5f48-8280dcb5105d}.Release|Any CPU.ActiveCfg = Release|Any CPU
		{30e9317e-9e8b-5490-5f48-8280dcb5105d}.Release|Any CPU.Build.0 = Release|Any CPU
		{2afdf78e-24ea-ba02-e337-8605df5645b6}.Debug|Any CPU.ActiveCfg = Debug|Any CPU
		{2afdf78e-24ea-ba02-e337-8605df5645b6}.Debug|Any CPU.Build.0 = Debug|Any CPU
		{2afdf78e-24ea-ba02-e337-8605df5645b6}.Release|Any CPU.ActiveCfg = Release|Any CPU
		{2afdf78e-24ea-ba02-e337-8605df5645b6}.Release|Any CPU.Build.0 = Release|Any CPU
		{2beabf80-2d49-6df3-64ee-585024586840}.Debug|Any CPU.ActiveCfg = Debug|Any CPU
		{2beabf80-2d49-6df3-64ee-585024586840}.Debug|Any CPU.Build.0 = Debug|Any CPU
		{2beabf80-2d49-6df3-64ee-585024586840}.Release|Any CPU.ActiveCfg = Release|Any CPU
		{2beabf80-2d49-6df3-64ee-585024586840}.Release|Any CPU.Build.0 = Release|Any CPU
		{94d73d40-488d-7869-50c8-127a707bd29c}.Debug|Any CPU.ActiveCfg = Debug|Any CPU
		{94d73d40-488d-7869-50c8-127a707bd29c}.Debug|Any CPU.Build.0 = Debug|Any CPU
		{94d73d40-488d-7869-50c8-127a707bd29c}.Release|Any CPU.ActiveCfg = Release|Any CPU
		{94d73d40-488d-7869-50c8-127a707bd29c}.Release|Any CPU.Build.0 = Release|Any CPU
		{0a83b565-cbbd-cd1e-9acc-f20ad8363abd}.Debug|Any CPU.ActiveCfg = Debug|Any CPU
		{0a83b565-cbbd-cd1e-9acc-f20ad8363abd}.Debug|Any CPU.Build.0 = Debug|Any CPU
		{0a83b565-cbbd-cd1e-9acc-f20ad8363abd}.Release|Any CPU.ActiveCfg = Release|Any CPU
		{0a83b565-cbbd-cd1e-9acc-f20ad8363abd}.Release|Any CPU.Build.0 = Release|Any CPU
		{ddc39b6d-d45a-1c3e-2e18-2938f1c4a12d}.Debug|Any CPU.ActiveCfg = Debug|Any CPU
		{ddc39b6d-d45a-1c3e-2e18-2938f1c4a12d}.Debug|Any CPU.Build.0 = Debug|Any CPU
		{ddc39b6d-d45a-1c3e-2e18-2938f1c4a12d}.Release|Any CPU.ActiveCfg = Release|Any CPU
		{ddc39b6d-d45a-1c3e-2e18-2938f1c4a12d}.Release|Any CPU.Build.0 = Release|Any CPU
		{c8813434-30ad-528a-9d76-846763f48a82}.Debug|Any CPU.ActiveCfg = Debug|Any CPU
		{c8813434-30ad-528a-9d76-846763f48a82}.Debug|Any CPU.Build.0 = Debug|Any CPU
		{c8813434-30ad-528a-9d76-846763f48a82}.Release|Any CPU.ActiveCfg = Release|Any CPU
		{c8813434-30ad-528a-9d76-846763f48a82}.Release|Any CPU.Build.0 = Release|Any CPU
		{f141a8a9-eeaf-8801-2668-56417aecd728}.Debug|Any CPU.ActiveCfg = Debug|Any CPU
		{f141a8a9-eeaf-8801-2668-56417aecd728}.Debug|Any CPU.Build.0 = Debug|Any CPU
		{f141a8a9-eeaf-8801-2668-56417aecd728}.Release|Any CPU.ActiveCfg = Release|Any CPU
		{f141a8a9-eeaf-8801-2668-56417aecd728}.Release|Any CPU.Build.0 = Release|Any CPU
		{42c1b81f-6769-6eba-5c42-e17391806379}.Debug|Any CPU.ActiveCfg = Debug|Any CPU
		{42c1b81f-6769-6eba-5c42-e17391806379}.Debug|Any CPU.Build.0 = Debug|Any CPU
		{42c1b81f-6769-6eba-5c42-e17391806379}.Release|Any CPU.ActiveCfg = Release|Any CPU
		{42c1b81f-6769-6eba-5c42-e17391806379}.Release|Any CPU.Build.0 = Release|Any CPU
		{3a42409b-e6f8-c58f-4b0d-c0ff93c86f3d}.Debug|Any CPU.ActiveCfg = Debug|Any CPU
		{3a42409b-e6f8-c58f-4b0d-c0ff93c86f3d}.Debug|Any CPU.Build.0 = Debug|Any CPU
		{3a42409b-e6f8-c58f-4b0d-c0ff93c86f3d}.Release|Any CPU.ActiveCfg = Release|Any CPU
		{3a42409b-e6f8-c58f-4b0d-c0ff93c86f3d}.Release|Any CPU.Build.0 = Release|Any CPU
		{00c80efa-b54e-43c5-d675-bed10a6dbe51}.Debug|Any CPU.ActiveCfg = Debug|Any CPU
		{00c80efa-b54e-43c5-d675-bed10a6dbe51}.Debug|Any CPU.Build.0 = Debug|Any CPU
		{00c80efa-b54e-43c5-d675-bed10a6dbe51}.Release|Any CPU.ActiveCfg = Release|Any CPU
		{00c80efa-b54e-43c5-d675-bed10a6dbe51}.Release|Any CPU.Build.0 = Release|Any CPU
		{b71f198a-c979-f6bd-621a-411ed910ea7b}.Debug|Any CPU.ActiveCfg = Debug|Any CPU
		{b71f198a-c979-f6bd-621a-411ed910ea7b}.Debug|Any CPU.Build.0 = Debug|Any CPU
		{b71f198a-c979-f6bd-621a-411ed910ea7b}.Release|Any CPU.ActiveCfg = Release|Any CPU
		{b71f198a-c979-f6bd-621a-411ed910ea7b}.Release|Any CPU.Build.0 = Release|Any CPU
		{0ba58f86-7d2c-3a6c-3dc5-ae40c9fd24ec}.Debug|Any CPU.ActiveCfg = Debug|Any CPU
		{0ba58f86-7d2c-3a6c-3dc5-ae40c9fd24ec}.Debug|Any CPU.Build.0 = Debug|Any CPU
		{0ba58f86-7d2c-3a6c-3dc5-ae40c9fd24ec}.Release|Any CPU.ActiveCfg = Release|Any CPU
		{0ba58f86-7d2c-3a6c-3dc5-ae40c9fd24ec}.Release|Any CPU.Build.0 = Release|Any CPU
		{e7def328-53a8-6699-3283-210e9d766ac7}.Debug|Any CPU.ActiveCfg = Debug|Any CPU
		{e7def328-53a8-6699-3283-210e9d766ac7}.Debug|Any CPU.Build.0 = Debug|Any CPU
		{e7def328-53a8-6699-3283-210e9d766ac7}.Release|Any CPU.ActiveCfg = Release|Any CPU
		{e7def328-53a8-6699-3283-210e9d766ac7}.Release|Any CPU.Build.0 = Release|Any CPU
		{7476356a-492c-0359-0934-041248882dfc}.Debug|Any CPU.ActiveCfg = Debug|Any CPU
		{7476356a-492c-0359-0934-041248882dfc}.Debug|Any CPU.Build.0 = Debug|Any CPU
		{7476356a-492c-0359-0934-041248882dfc}.Release|Any CPU.ActiveCfg = Release|Any CPU
		{7476356a-492c-0359-0934-041248882dfc}.Release|Any CPU.Build.0 = Release|Any CPU
		{e010554e-2929-c1a4-4420-2efd49df9b16}.Debug|Any CPU.ActiveCfg = Debug|Any CPU
		{e010554e-2929-c1a4-4420-2efd49df9b16}.Debug|Any CPU.Build.0 = Debug|Any CPU
		{e010554e-2929-c1a4-4420-2efd49df9b16}.Release|Any CPU.ActiveCfg = Release|Any CPU
		{e010554e-2929-c1a4-4420-2efd49df9b16}.Release|Any CPU.Build.0 = Release|Any CPU
		{66dfea7f-e136-4cc3-4275-08b01364acfc}.Debug|Any CPU.ActiveCfg = Debug|Any CPU
		{66dfea7f-e136-4cc3-4275-08b01364acfc}.Debug|Any CPU.Build.0 = Debug|Any CPU
		{66dfea7f-e136-4cc3-4275-08b01364acfc}.Release|Any CPU.ActiveCfg = Release|Any CPU
		{66dfea7f-e136-4cc3-4275-08b01364acfc}.Release|Any CPU.Build.0 = Release|Any CPU
		{467077d3-8938-a92e-081b-3e2c9ff8b6d3}.Debug|Any CPU.ActiveCfg = Debug|Any CPU
		{467077d3-8938-a92e-081b-3e2c9ff8b6d3}.Debug|Any CPU.Build.0 = Debug|Any CPU
		{467077d3-8938-a92e-081b-3e2c9ff8b6d3}.Release|Any CPU.ActiveCfg = Release|Any CPU
		{467077d3-8938-a92e-081b-3e2c9ff8b6d3}.Release|Any CPU.Build.0 = Release|Any CPU
		{62001165-e10b-4313-b106-113c3202ae6d}.Debug|Any CPU.ActiveCfg = Debug|Any CPU
		{62001165-e10b-4313-b106-113c3202ae6d}.Debug|Any CPU.Build.0 = Debug|Any CPU
		{62001165-e10b-4313-b106-113c3202ae6d}.Release|Any CPU.ActiveCfg = Release|Any CPU
		{62001165-e10b-4313-b106-113c3202ae6d}.Release|Any CPU.Build.0 = Release|Any CPU
		{2c9c3467-5f73-da65-8e17-3b45431b5090}.Debug|Any CPU.ActiveCfg = Debug|Any CPU
		{2c9c3467-5f73-da65-8e17-3b45431b5090}.Debug|Any CPU.Build.0 = Debug|Any CPU
		{2c9c3467-5f73-da65-8e17-3b45431b5090}.Release|Any CPU.ActiveCfg = Release|Any CPU
		{2c9c3467-5f73-da65-8e17-3b45431b5090}.Release|Any CPU.Build.0 = Release|Any CPU
		{77fd03a9-e0a2-74d3-aef3-4a5da9d74362}.Debug|Any CPU.ActiveCfg = Debug|Any CPU
		{77fd03a9-e0a2-74d3-aef3-4a5da9d74362}.Debug|Any CPU.Build.0 = Debug|Any CPU
		{77fd03a9-e0a2-74d3-aef3-4a5da9d74362}.Release|Any CPU.ActiveCfg = Release|Any CPU
		{77fd03a9-e0a2-74d3-aef3-4a5da9d74362}.Release|Any CPU.Build.0 = Release|Any CPU
		{835f914d-aaaf-7ad5-2711-f2d6cd2a6469}.Debug|Any CPU.ActiveCfg = Debug|Any CPU
		{835f914d-aaaf-7ad5-2711-f2d6cd2a6469}.Debug|Any CPU.Build.0 = Debug|Any CPU
		{835f914d-aaaf-7ad5-2711-f2d6cd2a6469}.Release|Any CPU.ActiveCfg = Release|Any CPU
		{835f914d-aaaf-7ad5-2711-f2d6cd2a6469}.Release|Any CPU.Build.0 = Release|Any CPU
		{18c9cb8c-554b-4248-51a5-9be071b218b1}.Debug|Any CPU.ActiveCfg = Debug|Any CPU
		{18c9cb8c-554b-4248-51a5-9be071b218b1}.Debug|Any CPU.Build.0 = Debug|Any CPU
		{18c9cb8c-554b-4248-51a5-9be071b218b1}.Release|Any CPU.ActiveCfg = Release|Any CPU
		{18c9cb8c-554b-4248-51a5-9be071b218b1}.Release|Any CPU.Build.0 = Release|Any CPU
		{565d9fdb-7594-09f5-77d1-008db7e1695d}.Debug|Any CPU.ActiveCfg = Debug|Any CPU
		{565d9fdb-7594-09f5-77d1-008db7e1695d}.Debug|Any CPU.Build.0 = Debug|Any CPU
		{565d9fdb-7594-09f5-77d1-008db7e1695d}.Release|Any CPU.ActiveCfg = Release|Any CPU
		{565d9fdb-7594-09f5-77d1-008db7e1695d}.Release|Any CPU.Build.0 = Release|Any CPU
		{262839f0-95f0-2d6b-ed5c-e1938b03eb6b}.Debug|Any CPU.ActiveCfg = Debug|Any CPU
		{262839f0-95f0-2d6b-ed5c-e1938b03eb6b}.Debug|Any CPU.Build.0 = Debug|Any CPU
		{262839f0-95f0-2d6b-ed5c-e1938b03eb6b}.Release|Any CPU.ActiveCfg = Release|Any CPU
		{262839f0-95f0-2d6b-ed5c-e1938b03eb6b}.Release|Any CPU.Build.0 = Release|Any CPU
		{f3f8632a-c1dc-582c-e7d3-893266d98f6f}.Debug|Any CPU.ActiveCfg = Debug|Any CPU
		{f3f8632a-c1dc-582c-e7d3-893266d98f6f}.Debug|Any CPU.Build.0 = Debug|Any CPU
		{f3f8632a-c1dc-582c-e7d3-893266d98f6f}.Release|Any CPU.ActiveCfg = Release|Any CPU
		{f3f8632a-c1dc-582c-e7d3-893266d98f6f}.Release|Any CPU.Build.0 = Release|Any CPU
		{fed495b5-6a66-4f6b-9b95-6f771b7f8638}.Debug|Any CPU.ActiveCfg = Debug|Any CPU
		{fed495b5-6a66-4f6b-9b95-6f771b7f8638}.Debug|Any CPU.Build.0 = Debug|Any CPU
		{fed495b5-6a66-4f6b-9b95-6f771b7f8638}.Release|Any CPU.ActiveCfg = Release|Any CPU
		{fed495b5-6a66-4f6b-9b95-6f771b7f8638}.Release|Any CPU.Build.0 = Release|Any CPU
		{5b93c19d-76a3-f3f2-0a39-1b990b44b400}.Debug|Any CPU.ActiveCfg = Debug|Any CPU
		{5b93c19d-76a3-f3f2-0a39-1b990b44b400}.Debug|Any CPU.Build.0 = Debug|Any CPU
		{5b93c19d-76a3-f3f2-0a39-1b990b44b400}.Release|Any CPU.ActiveCfg = Release|Any CPU
		{5b93c19d-76a3-f3f2-0a39-1b990b44b400}.Release|Any CPU.Build.0 = Release|Any CPU
		{fa852026-e9ea-f217-2151-61e5e2c37c66}.Debug|Any CPU.ActiveCfg = Debug|Any CPU
		{fa852026-e9ea-f217-2151-61e5e2c37c66}.Debug|Any CPU.Build.0 = Debug|Any CPU
		{fa852026-e9ea-f217-2151-61e5e2c37c66}.Release|Any CPU.ActiveCfg = Release|Any CPU
		{fa852026-e9ea-f217-2151-61e5e2c37c66}.Release|Any CPU.Build.0 = Release|Any CPU
		{a44fe89f-8a9f-135c-3d40-5ccf5e2018b3}.Debug|Any CPU.ActiveCfg = Debug|Any CPU
		{a44fe89f-8a9f-135c-3d40-5ccf5e2018b3}.Debug|Any CPU.Build.0 = Debug|Any CPU
		{a44fe89f-8a9f-135c-3d40-5ccf5e2018b3}.Release|Any CPU.ActiveCfg = Release|Any CPU
		{a44fe89f-8a9f-135c-3d40-5ccf5e2018b3}.Release|Any CPU.Build.0 = Release|Any CPU
		{fc5f0942-c919-8fae-5c5f-037183609d80}.Debug|Any CPU.ActiveCfg = Debug|Any CPU
		{fc5f0942-c919-8fae-5c5f-037183609d80}.Debug|Any CPU.Build.0 = Debug|Any CPU
		{fc5f0942-c919-8fae-5c5f-037183609d80}.Release|Any CPU.ActiveCfg = Release|Any CPU
		{fc5f0942-c919-8fae-5c5f-037183609d80}.Release|Any CPU.Build.0 = Release|Any CPU
		{c5e1825e-e00f-1367-57c7-b939ecf127ed}.Debug|Any CPU.ActiveCfg = Debug|Any CPU
		{c5e1825e-e00f-1367-57c7-b939ecf127ed}.Debug|Any CPU.Build.0 = Debug|Any CPU
		{c5e1825e-e00f-1367-57c7-b939ecf127ed}.Release|Any CPU.ActiveCfg = Release|Any CPU
		{c5e1825e-e00f-1367-57c7-b939ecf127ed}.Release|Any CPU.Build.0 = Release|Any CPU
		{f34289d5-0713-7c10-2ac9-4d95fa7804e9}.Debug|Any CPU.ActiveCfg = Debug|Any CPU
		{f34289d5-0713-7c10-2ac9-4d95fa7804e9}.Debug|Any CPU.Build.0 = Debug|Any CPU
		{f34289d5-0713-7c10-2ac9-4d95fa7804e9}.Release|Any CPU.ActiveCfg = Release|Any CPU
		{f34289d5-0713-7c10-2ac9-4d95fa7804e9}.Release|Any CPU.Build.0 = Release|Any CPU
		{41df9ab1-1563-67ce-7ef9-98e9be19842c}.Debug|Any CPU.ActiveCfg = Debug|Any CPU
		{41df9ab1-1563-67ce-7ef9-98e9be19842c}.Debug|Any CPU.Build.0 = Debug|Any CPU
		{41df9ab1-1563-67ce-7ef9-98e9be19842c}.Release|Any CPU.ActiveCfg = Release|Any CPU
		{41df9ab1-1563-67ce-7ef9-98e9be19842c}.Release|Any CPU.Build.0 = Release|Any CPU
		{ace2ab9c-f766-6f50-1c2a-df459e84ee83}.Debug|Any CPU.ActiveCfg = Debug|Any CPU
		{ace2ab9c-f766-6f50-1c2a-df459e84ee83}.Debug|Any CPU.Build.0 = Debug|Any CPU
		{ace2ab9c-f766-6f50-1c2a-df459e84ee83}.Release|Any CPU.ActiveCfg = Release|Any CPU
		{ace2ab9c-f766-6f50-1c2a-df459e84ee83}.Release|Any CPU.Build.0 = Release|Any CPU
		{24a25463-7f5e-aad6-47d1-9e15483056e1}.Debug|Any CPU.ActiveCfg = Debug|Any CPU
		{24a25463-7f5e-aad6-47d1-9e15483056e1}.Debug|Any CPU.Build.0 = Debug|Any CPU
		{24a25463-7f5e-aad6-47d1-9e15483056e1}.Release|Any CPU.ActiveCfg = Release|Any CPU
		{24a25463-7f5e-aad6-47d1-9e15483056e1}.Release|Any CPU.Build.0 = Release|Any CPU
		{e7a4880b-5011-73b5-650a-1885fbdbc11f}.Debug|Any CPU.ActiveCfg = Debug|Any CPU
		{e7a4880b-5011-73b5-650a-1885fbdbc11f}.Debug|Any CPU.Build.0 = Debug|Any CPU
		{e7a4880b-5011-73b5-650a-1885fbdbc11f}.Release|Any CPU.ActiveCfg = Release|Any CPU
		{e7a4880b-5011-73b5-650a-1885fbdbc11f}.Release|Any CPU.Build.0 = Release|Any CPU
		{dd523c9a-347c-e1a7-c3f8-ac01c7e6a548}.Debug|Any CPU.ActiveCfg = Debug|Any CPU
		{dd523c9a-347c-e1a7-c3f8-ac01c7e6a548}.Debug|Any CPU.Build.0 = Debug|Any CPU
		{dd523c9a-347c-e1a7-c3f8-ac01c7e6a548}.Release|Any CPU.ActiveCfg = Release|Any CPU
		{dd523c9a-347c-e1a7-c3f8-ac01c7e6a548}.Release|Any CPU.Build.0 = Release|Any CPU
		{9697ba2a-3a44-827f-6334-b3f3664ebd2a}.Debug|Any CPU.ActiveCfg = Debug|Any CPU
		{9697ba2a-3a44-827f-6334-b3f3664ebd2a}.Debug|Any CPU.Build.0 = Debug|Any CPU
		{9697ba2a-3a44-827f-6334-b3f3664ebd2a}.Release|Any CPU.ActiveCfg = Release|Any CPU
		{9697ba2a-3a44-827f-6334-b3f3664ebd2a}.Release|Any CPU.Build.0 = Release|Any CPU
		{756dd7d7-f291-10fd-b6d1-3b4af23a3314}.Debug|Any CPU.ActiveCfg = Debug|Any CPU
		{756dd7d7-f291-10fd-b6d1-3b4af23a3314}.Debug|Any CPU.Build.0 = Debug|Any CPU
		{756dd7d7-f291-10fd-b6d1-3b4af23a3314}.Release|Any CPU.ActiveCfg = Release|Any CPU
		{756dd7d7-f291-10fd-b6d1-3b4af23a3314}.Release|Any CPU.Build.0 = Release|Any CPU
		{c3751015-36e9-9dde-32bc-3cb583e5deab}.Debug|Any CPU.ActiveCfg = Debug|Any CPU
		{c3751015-36e9-9dde-32bc-3cb583e5deab}.Debug|Any CPU.Build.0 = Debug|Any CPU
		{c3751015-36e9-9dde-32bc-3cb583e5deab}.Release|Any CPU.ActiveCfg = Release|Any CPU
		{c3751015-36e9-9dde-32bc-3cb583e5deab}.Release|Any CPU.Build.0 = Release|Any CPU
		{10196928-86b8-d3e3-3e6a-c5dc34c0672c}.Debug|Any CPU.ActiveCfg = Debug|Any CPU
		{10196928-86b8-d3e3-3e6a-c5dc34c0672c}.Debug|Any CPU.Build.0 = Debug|Any CPU
		{10196928-86b8-d3e3-3e6a-c5dc34c0672c}.Release|Any CPU.ActiveCfg = Release|Any CPU
		{10196928-86b8-d3e3-3e6a-c5dc34c0672c}.Release|Any CPU.Build.0 = Release|Any CPU
		{8d8ae4a5-4b8b-a390-fdf0-61e7b306364f}.Debug|Any CPU.ActiveCfg = Debug|Any CPU
		{8d8ae4a5-4b8b-a390-fdf0-61e7b306364f}.Debug|Any CPU.Build.0 = Debug|Any CPU
		{8d8ae4a5-4b8b-a390-fdf0-61e7b306364f}.Release|Any CPU.ActiveCfg = Release|Any CPU
		{8d8ae4a5-4b8b-a390-fdf0-61e7b306364f}.Release|Any CPU.Build.0 = Release|Any CPU
	EndGlobalSection
	GlobalSection(SolutionProperties) = preSolution
		HideSolutionNode = FALSE
	EndGlobalSection
EndGlobal
